
Microsoft Visual Studio Solution File, Format Version 12.00
# Visual Studio Version 17
VisualStudioVersion = 17.9.34728.123
MinimumVisualStudioVersion = 10.0.40219.1
Project("{8BC9CEB8-8B4A-11D0-8D11-00A0C91BC942}") = "Project1", "Project1.vcxproj", "{D0E34118-E753-4358-A7AD-9072B77B10A4}"
EndProject
Project("{8BC9CEB8-8B4A-11D0-8D11-00A0C91BC942}") = "Project2", "Project2\Project2.vcxproj", "{671ED77E-9058-4681-9594-4304336B90C5}"
EndProject
Project("{8BC9CEB8-8B4A-11D0-8D11-00A0C91BC942}") = "LearnLanguage", "..\LearnLanguage\LearnLanguage.vcxproj", "{000D957C-D279-40F2-BA41-3E1903BA66B1}"
EndProject
Global
	GlobalSection(SolutionConfigurationPlatforms) = preSolution
		Debug|x64 = Debug|x64
		Debug|x86 = Debug|x86
		Release|x64 = Release|x64
		Release|x86 = Release|x86
	EndGlobalSection
	GlobalSection(ProjectConfigurationPlatforms) = postSolution
		{D0E34118-E753-4358-A7AD-9072B77B10A4}.Debug|x64.ActiveCfg = Debug|x64
		{D0E34118-E753-4358-A7AD-9072B77B10A4}.Debug|x64.Build.0 = Debug|x64
		{D0E34118-E753-4358-A7AD-9072B77B10A4}.Debug|x86.ActiveCfg = Debug|Win32
		{D0E34118-E753-4358-A7AD-9072B77B10A4}.Debug|x86.Build.0 = Debug|Win32
		{D0E34118-E753-4358-A7AD-9072B77B10A4}.Release|x64.ActiveCfg = Release|x64
		{D0E34118-E753-4358-A7AD-9072B77B10A4}.Release|x64.Build.0 = Release|x64
		{D0E34118-E753-4358-A7AD-9072B77B10A4}.Release|x86.ActiveCfg = Release|Win32
		{D0E34118-E753-4358-A7AD-9072B77B10A4}.Release|x86.Build.0 = Release|Win32
		{671ED77E-9058-4681-9594-4304336B90C5}.Debug|x64.ActiveCfg = Debug|x64
		{671ED77E-9058-4681-9594-4304336B90C5}.Debug|x64.Build.0 = Debug|x64
		{671ED77E-9058-4681-9594-4304336B90C5}.Debug|x86.ActiveCfg = Debug|Win32
		{671ED77E-9058-4681-9594-4304336B90C5}.Debug|x86.Build.0 = Debug|Win32
		{671ED77E-9058-4681-9594-4304336B90C5}.Release|x64.ActiveCfg = Release|x64
		{671ED77E-9058-4681-9594-4304336B90C5}.Release|x64.Build.0 = Release|x64
		{671ED77E-9058-4681-9594-4304336B90C5}.Release|x86.ActiveCfg = Release|Win32
		{671ED77E-9058-4681-9594-4304336B90C5}.Release|x86.Build.0 = Release|Win32
		{000D957C-D279-40F2-BA41-3E1903BA66B1}.Debug|x64.ActiveCfg = Debug|x64
		{000D957C-D279-40F2-BA41-3E1903BA66B1}.Debug|x64.Build.0 = Debug|x64
		{000D957C-D279-40F2-BA41-3E1903BA66B1}.Debug|x86.ActiveCfg = Debug|Win32
		{000D957C-D279-40F2-BA41-3E1903BA66B1}.Debug|x86.Build.0 = Debug|Win32
		{000D957C-D279-40F2-BA41-3E1903BA66B1}.Release|x64.ActiveCfg = Release|x64
		{000D957C-D279-40F2-BA41-3E1903BA66B1}.Release|x64.Build.0 = Release|x64
		{000D957C-D279-40F2-BA41-3E1903BA66B1}.Release|x86.ActiveCfg = Release|Win32
		{000D957C-D279-40F2-BA41-3E1903BA66B1}.Release|x86.Build.0 = Release|Win32
	EndGlobalSection
	GlobalSection(SolutionProperties) = preSolution
		HideSolutionNode = FALSE
	EndGlobalSection
	GlobalSection(ExtensibilityGlobals) = postSolution
		SolutionGuid = {5717C396-7750-4636-92A9-93050307187D}
	EndGlobalSection
EndGlobal
